version = 1
revision = 3
requires-python = ">=3.11"

[[package]]
name = "dbus-fast"
version = "4.0.0"
source = { registry = "https://pypi.org/simple" }
sdist = { url = "https://files.pythonhosted.org/packages/3d/f7/36515d10e85ab6d6193edbabbcae974c25d6fbabb8ead84cfd2b4ee8eaf6/dbus_fast-4.0.0.tar.gz", hash = "sha256:e1d3ee49a4a81524d7caaa2d5a31fc71075a1c977b661df958cee24bef86b8fe", size = 75082, upload-time = "2026-02-01T20:56:27.85Z" }
wheels = [
    { url = "https://files.pythonhosted.org/packages/33/d3/bd2a5d8193e3e3f544d1b49962662ec12c1cb5fe2e5bbca5ac07465c11e1/dbus_fast-4.0.0-cp311-cp311-macosx_11_0_arm64.whl", hash = "sha256:e65a68793ce650d94ac86021a473988715197762b24c72c510833e9111c5170d", size = 681083, upload-time = "2026-02-01T21:05:05.935Z" },
    { url = "https://files.pythonhosted.org/packages/a6/43/c46a4aaeb4bdc4ce7e20c3204eb7f455aa9ddf065c9cbe5fdd8c03a72752/dbus_fast-4.0.0-cp311-cp311-manylinux2014_aarch64.manylinux_2_17_aarch64.manylinux_2_28_aarch64.whl", hash = "sha256:512f25a0705903047e9b55d2bc3724f06dcbfb77e0b13f10a7eb835679d3705c", size = 829838, upload-time = "2026-02-01T21:05:07.337Z" },
    { url = "https://files.pythonhosted.org/packages/5a/47/8ba9bf4027cc29c1eeb1e90828f151df6691012a67a0c3dabf4955e68f83/dbus_fast-4.0.0-cp311-cp311-manylinux2014_x86_64.manylinux_2_17_x86_64.manylinux_2_28_x86_64.whl", hash = "sha256:28209c72c36f8e2bb2152c02598d353e9442d53d751efbf49870bc37ac3afcad", size = 875354, upload-time = "2026-02-01T21:05:09.516Z" },
    { url = "https://files.pythonhosted.org/packages/7e/fd/b7fbb9546d575dc73b7540a908a38ccba46239d8d838d3c41454e6a56a70/dbus_fast-4.0.0-cp311-cp311-musllinux_1_2_aarch64.whl", hash = "sha256:618931126219f23285b33b5825dc40cfb166c8e6554f800f7c53dfb5f368289b", size = 835403, upload-time = "2026-02-01T21:05:11.176Z" },
    { url = "https://files.pythonhosted.org/packages/f2/3d/f9d17947917817ba88791e66169dbe807218d38a5bee4320c215ee3a187e/dbus_fast-4.0.0-cp311-cp311-musllinux_1_2_x86_64.whl", hash = "sha256:0615063551e8d4b34bee778885ab56be3ef168df38f9bfc4364d8c80687e2df4", size = 881686, upload-time = "2026-02-01T21:05:12.602Z" },
    { url = "https://files.pythonhosted.org/packages/d4/c6/1ad05fee9880ed6c5f502cf36afab4f33df3d377d52be1c1ca5436640d1c/dbus_fast-4.0.0-cp312-cp312-macosx_11_0_arm64.whl", hash = "sha256:621ad63b0599fc125d4574d358bbc642089c910dcc9e42ae23d32ab807c8e5af", size = 679900, upload-time = "2026-02-01T21:05:14.144Z" },
    { url = "https://files.pythonhosted.org/packages/64/2b/92d24e61a4774d752d25e81485fcdf23a540c3e0a9f06939463b8b22fd0d/dbus_fast-4.0.0-cp312-cp312-manylinux2014_aarch64.manylinux_2_17_aarch64.manylinux_2_28_aarch64.whl", hash = "sha256:bfb269a9ed3b3ab29932b2948de52d7ea2eebfcad0c641ad6b25024b048d0b68", size = 791936, upload-time = "2026-02-01T21:05:16.051Z" },
    { url = "https://files.pythonhosted.org/packages/6f/df/584e55aa3afa108c3dc34a7a307bfbb628954ad0a393a3a3dc8e76315724/dbus_fast-4.0.0-cp312-cp312-manylinux2014_x86_64.manylinux_2_17_x86_64.manylinux_2_28_x86_64.whl", hash = "sha256:aa367aaad3a868dfb9373eca8868a2a0810bac6cbe35b67460682127834c2460", size = 843295, upload-time = "2026-02-01T21:05:17.671Z" },
    { url = "https://files.pythonhosted.org/packages/2f/1e/6633e0395ea429c0f95ddab2889baebb11741f6531318342a1778a2a0c89/dbus_fast-4.0.0-cp312-cp312-musllinux_1_2_aarch64.whl", hash = "sha256:2283e9c22411b1307fa3e3586fd4b42b44cae90e8a39f4fb4942a97a885d437b", size = 799113, upload-time = "2026-02-01T21:05:19.934Z" },
    { url = "https://files.pythonhosted.org/packages/9d/97/6394951e1400760f9c95045a0f11d8019e38cdd2900935b9048b6e6953c3/dbus_fast-4.0.0-cp312-cp312-musllinux_1_2_x86_64.whl", hash = "sha256:0a91ec3707b743c2e211fa9ecd08ee483c3af19a2028ad90d2911a7e17d20737", size = 851197, upload-time = "2026-02-01T21:05:21.277Z" },
    { url = "https://files.pythonhosted.org/packages/f1/31/d07583b15e4a702db8913b74adc6d9890b3d550eb62bda14802c05326b0f/dbus_fast-4.0.0-cp313-cp313-macosx_11_0_arm64.whl", hash = "sha256:d1b7274af1769359e8b02c546eb368f4cc43fce4ba4286ee97f357d395372492", size = 675489, upload-time = "2026-02-01T21:05:23.105Z" },
    { url = "https://files.pythonhosted.org/packages/ca/f6/1aaba04040b763c1baa3e395fb4e73b9b51a2213d356f924e5574e1d7d61/dbus_fast-4.0.0-cp313-cp313-manylinux2014_aarch64.manylinux_2_17_aarch64.manylinux_2_28_aarch64.whl", hash = "sha256:3b83681987b2986af050b728ecea5e230252c09db3c9593cead5b073f6391f41", size = 790986, upload-time = "2026-02-01T21:05:24.553Z" },
    { url = "https://files.pythonhosted.org/packages/43/c4/744ca46c1b9566907aa01affa2623970cd721f6a5c5f82d5eb852356914c/dbus_fast-4.0.0-cp313-cp313-manylinux2014_x86_64.manylinux_2_17_x86_64.manylinux_2_28_x86_64.whl", hash = "sha256:191c9053c9d54356f0c5c202e2fab9ad2508b27b8b224a184cf367591a2586cb", size = 840552, upload-time = "2026-02-01T21:05:26.408Z" },
    { url = "https://files.pythonhosted.org/packages/28/34/c40beb615adde9b00352f5ed3bad827a17d1a505c4d064cdf8dcb795d816/dbus_fast-4.0.0-cp313-cp313-musllinux_1_2_aarch64.whl", hash = "sha256:c34c748b71c6fc71e47ffe901ccfcd4a01e98d5fa80f98c732945da45d9fc614", size = 797107, upload-time = "2026-02-01T21:05:28.391Z" },
    { url = "https://files.pythonhosted.org/packages/58/5f/97c1f07b460577bf9a19016dca1351298c142cb3791fed49f050acea26e9/dbus_fast-4.0.0-cp313-cp313-musllinux_1_2_x86_64.whl", hash = "sha256:39ac2e639833320678c2c4e64931b28a3e10c57111c8c24967f1a16de69b92b0", size = 849752, upload-time = "2026-02-01T21:05:30.369Z" },
    { url = "https://files.pythonhosted.org/packages/f6/a3/e1d5d17c3adf74b678ce3fde9aa3556dcd9058a30a2e5e99142fefb88ad9/dbus_fast-4.0.0-cp314-cp314-macosx_11_0_arm64.whl", hash = "sha256:ddd92e5179ca5af5348ac34fb6a7c279d1485a715d560bcb8ff8443296fb1aff", size = 682906, upload-time = "2026-02-01T21:05:31.705Z" },
    { url = "https://files.pythonhosted.org/packages/f0/c5/5fee1e5d59b2856db9da8372c67ed7699b262108a4540d5858f34a67699f/dbus_fast-4.0.0-cp314-cp314-manylinux2014_aarch64.manylinux_2_17_aarch64.manylinux_2_28_aarch64.whl", hash = "sha256:9e53d7e19d2433f2ca1d811856e4b80a3b3126f361703e5caf6e7f086a03b994", size = 804142, upload-time = "2026-02-01T21:05:33.5Z" },
    { url = "https://files.pythonhosted.org/packages/37/3e/91a9339278ccee8be93df337c69703dd9d3f5b8fc97dadb2f8a3ff06f6c0/dbus_fast-4.0.0-cp314-cp314-manylinux2014_x86_64.manylinux_2_17_x86_64.manylinux_2_28_x86_64.whl", hash = "sha256:6b430760c925e0b695b6f1a3f21f6e57954807cab4704a3bc4bc5f311261016b", size = 846011, upload-time = "2026-02-01T21:05:34.875Z" },
    { url = "https://files.pythonhosted.org/packages/34/bf/bab415e523fc67a3b1d246a677dcac1198b5cf4d89ae594b2b25b71c02c7/dbus_fast-4.0.0-cp314-cp314-manylinux_2_41_x86_64.whl", hash = "sha256:2818d76da8291202779fe8cb23edc62488786eee791f332c2c40350552288d8b", size = 844116, upload-time = "2026-02-01T20:56:26.447Z" },
    { url = "https://files.pythonhosted.org/packages/d4/c8/5cc517508d102242656c06acb3980decd243e56470f9cb51dc736a9197ef/dbus_fast-4.0.0-cp314-cp314-musllinux_1_2_aarch64.whl", hash = "sha256:0b2aaf80991734e2bbff60b0f57b70322668acccb8bb15a0380ca80b8f8c5d72", size = 810621, upload-time = "2026-02-01T21:05:36.208Z" },
    { url = "https://files.pythonhosted.org/packages/47/84/686bd523c9966bbd9c0705984782fcb33d3a2aae75a2ebbb34b37aca1f3b/dbus_fast-4.0.0-cp314-cp314-musllinux_1_2_x86_64.whl", hash = "sha256:93a864c9e39ab03988c95e2cd9368a4b6560887d53a197037dfc73e7d966b690", size = 853111, upload-time = "2026-02-01T21:05:37.775Z" },
    { url = "https://files.pythonhosted.org/packages/81/46/4f59bce9198750d299b6b213387c1e4e9d7dcb6623c7f04454d117ebe264/dbus_fast-4.0.0-cp314-cp314t-macosx_11_0_arm64.whl", hash = "sha256:f36526cb043ab630ee458b58965fcf1e6d51d742f11df8ba2756cc280a21899d", size = 1341019, upload-time = "2026-02-01T21:05:39.685Z" },
    { url = "https://files.pythonhosted.org/packages/9e/2d/26a2a2120c32bf6a61b81a19d7d20cd440c79f1c4679b04af85af93bc0e4/dbus_fast-4.0.0-cp314-cp314t-manylinux2014_aarch64.manylinux_2_17_aarch64.manylinux_2_28_aarch64.whl", hash = "sha256:c71b369f8fd743c0d03e5fd566ff5d886cb5ad7f3d187f36185a372096a2a096", size = 1534384, upload-time = "2026-02-01T21:05:41.636Z" },
    { url = "https://files.pythonhosted.org/packages/d0/53/916c2bbb6601108f694b7c37c71c650ef8d06c2ed282a704b5c8cca67edf/dbus_fast-4.0.0-cp314-cp314t-manylinux2014_x86_64.manylinux_2_17_x86_64.manylinux_2_28_x86_64.whl", hash = "sha256:ffc16ee344e68a907a40327074bca736086897f2e783541086eedb5e6855f3f0", size = 1610347, upload-time = "2026-02-01T21:05:43.086Z" },
    { url = "https://files.pythonhosted.org/packages/ad/f6/05eeb374a02f63b0e29b1ee2073569e8cf42f655970a651f938bcdbe7eae/dbus_fast-4.0.0-cp314-cp314t-musllinux_1_2_aarch64.whl", hash = "sha256:1f8f4b0f8af730c39bbb83de1e299e706fbd7f7f3955764471213b013fa59516", size = 1549395, upload-time = "2026-02-01T21:05:45.159Z" },
    { url = "https://files.pythonhosted.org/packages/a4/87/d03a718e7bfdbbebaa4b6a66ba5bb069bc00a84e5ad176d8198cc785cd42/dbus_fast-4.0.0-cp314-cp314t-musllinux_1_2_x86_64.whl", hash = "sha256:f6af190d8306f1bd506740c39701f5c211aa31ac660a3fcb401ebb97d33166c7", size = 1627620, upload-time = "2026-02-01T21:05:46.878Z" },
]

[[package]]
name = "hypr-notify"
version = "0.1.0"
source = { editable = "." }
dependencies = [
    { name = "dbus-fast" },
]

[package.metadata]
requires-dist = [{ name = "dbus-fast", specifier = ">=2.0.0" }]
